
Microsoft Visual Studio Solution File, Format Version 12.00
# Visual Studio Version 17
VisualStudioVersion = 17.5.33502.453
MinimumVisualStudioVersion = 10.0.40219.1
Project("{FAE04EC0-301F-11D3-BF4B-00C04F79EFBC}") = "PublicFund", "PublicFund\PublicFund.csproj", "{8A30C0C3-EF1A-4763-A666-74734C739088}"
EndProject
Global
	GlobalSection(SolutionConfigurationPlatforms) = preSolution
		Debug|Any CPU = Debug|Any CPU
		Release|Any CPU = Release|Any CPU
	EndGlobalSection
	GlobalSection(ProjectConfigurationPlatforms) = postSolution
		{8A30C0C3-EF1A-4763-A666-74734C739088}.Debug|Any CPU.ActiveCfg = Release|Any CPU
		{8A30C0C3-EF1A-4763-A666-74734C739088}.Debug|Any CPU.Build.0 = Release|Any CPU
		{8A30C0C3-EF1A-4763-A666-74734C739088}.Release|Any CPU.ActiveCfg = Release|Any CPU
		{8A30C0C3-EF1A-4763-A666-74734C739088}.Release|Any CPU.Build.0 = Release|Any CPU
	EndGlobalSection
	GlobalSection(SolutionProperties) = preSolution
		HideSolutionNode = FALSE
	EndGlobalSection
	GlobalSection(ExtensibilityGlobals) = postSolution
		SolutionGuid = {983B1AB5-4C87-4ECB-9398-07ED43C85464}
	EndGlobalSection
EndGlobal
